// !$*UTF8*$!
{
	archiveVersion = 1;
	classes = {
	};
	objectVersion = 50;
	objects = {

/* Begin PBXBuildFile section */
		7008AB9C26C276BF004705B1 /* OrderRowView.swift in Sources */ = {isa = PBXBuildFile; fileRef = 7008AB9B26C276BF004705B1 /* OrderRowView.swift */; };
		7008AB9E26C27706004705B1 /* MenuRowView.swift in Sources */ = {isa = PBXBuildFile; fileRef = 7008AB9D26C27706004705B1 /* MenuRowView.swift */; };
		7008ABA026C277FD004705B1 /* RatingsView.swift in Sources */ = {isa = PBXBuildFile; fileRef = 7008AB9F26C277FD004705B1 /* RatingsView.swift */; };
		7008ABA226C278C9004705B1 /* PageTitleView.swift in Sources */ = {isa = PBXBuildFile; fileRef = 7008ABA126C278C9004705B1 /* PageTitleView.swift */; };
		70AF52E226C264DF002D5A81 /* OrderAppApp.swift in Sources */ = {isa = PBXBuildFile; fileRef = 70AF52E126C264DF002D5A81 /* OrderAppApp.swift */; };
		70AF52E426C264DF002D5A81 /* ContentView.swift in Sources */ = {isa = PBXBuildFile; fileRef = 70AF52E326C264DF002D5A81 /* ContentView.swift */; };
		70AF52E626C264E2002D5A81 /* Assets.xcassets in Resources */ = {isa = PBXBuildFile; fileRef = 70AF52E526C264E2002D5A81 /* Assets.xcassets */; };
		70AF52E926C264E2002D5A81 /* Preview Assets.xcassets in Resources */ = {isa = PBXBuildFile; fileRef = 70AF52E826C264E2002D5A81 /* Preview Assets.xcassets */; };
		70AF52F526C27264002D5A81 /* OrderListView.swift in Sources */ = {isa = PBXBuildFile; fileRef = 70AF52F426C27264002D5A81 /* OrderListView.swift */; };
		70AF52F726C27307002D5A81 /* MenuListView.swift in Sources */ = {isa = PBXBuildFile; fileRef = 70AF52F626C27307002D5A81 /* MenuListView.swift */; };
		70AF52F926C273A6002D5A81 /* ContentHeaderView.swift in Sources */ = {isa = PBXBuildFile; fileRef = 70AF52F826C273A6002D5A81 /* ContentHeaderView.swift */; };
/* End PBXBuildFile section */

/* Begin PBXFileReference section */
		7008AB9B26C276BF004705B1 /* OrderRowView.swift */ = {isa = PBXFileReference; lastKnownFileType = sourcecode.swift; path = OrderRowView.swift; sourceTree = "<group>"; };
		7008AB9D26C27706004705B1 /* MenuRowView.swift */ = {isa = PBXFileReference; lastKnownFileType = sourcecode.swift; path = MenuRowView.swift; sourceTree = "<group>"; };
		7008AB9F26C277FD004705B1 /* RatingsView.swift */ = {isa = PBXFileReference; lastKnownFileType = sourcecode.swift; path = RatingsView.swift; sourceTree = "<group>"; };
		7008ABA126C278C9004705B1 /* PageTitleView.swift */ = {isa = PBXFileReference; lastKnownFileType = sourcecode.swift; path = PageTitleView.swift; sourceTree = "<group>"; };
		70AF52DE26C264DF002D5A81 /* OrderApp.app */ = {isa = PBXFileReference; explicitFileType = wrapper.application; includeInIndex = 0; path = OrderApp.app; sourceTree = BUILT_PRODUCTS_DIR; };
		70AF52E126C264DF002D5A81 /* OrderAppApp.swift */ = {isa = PBXFileReference; lastKnownFileType = sourcecode.swift; path = OrderAppApp.swift; sourceTree = "<group>"; };
		70AF52E326C264DF002D5A81 /* ContentView.swift */ = {isa = PBXFileReference; lastKnownFileType = sourcecode.swift; path = ContentView.swift; sourceTree = "<group>"; };
		70AF52E526C264E2002D5A81 /* Assets.xcassets */ = {isa = PBXFileReference; lastKnownFileType = folder.assetcatalog; path = Assets.xcassets; sourceTree = "<group>"; };
		70AF52E826C264E2002D5A81 /* Preview Assets.xcassets */ = {isa = PBXFileReference; lastKnownFileType = folder.assetcatalog; path = "Preview Assets.xcassets"; sourceTree = "<group>"; };
		70AF52EA26C264E2002D5A81 /* Info.plist */ = {isa = PBXFileReference; lastKnownFileType = text.plist.xml; path = Info.plist; sourceTree = "<group>"; };
		70AF52F426C27264002D5A81 /* OrderListView.swift */ = {isa = PBXFileReference; lastKnownFileType = sourcecode.swift; path = OrderListView.swift; sourceTree = "<group>"; };
		70AF52F626C27307002D5A81 /* MenuListView.swift */ = {isa = PBXFileReference; lastKnownFileType = sourcecode.swift; path = MenuListView.swift; sourceTree = "<group>"; };
		70AF52F826C273A6002D5A81 /* ContentHeaderView.swift */ = {isa = PBXFileReference; lastKnownFileType = sourcecode.swift; path = ContentHeaderView.swift; sourceTree = "<group>"; };
/* End PBXFileReference section */

/* Begin PBXFrameworksBuildPhase section */
		70AF52DB26C264DF002D5A81 /* Frameworks */ = {
			isa = PBXFrameworksBuildPhase;
			buildActionMask = 2147483647;
			files = (
			);
			runOnlyForDeploymentPostprocessing = 0;
		};
/* End PBXFrameworksBuildPhase section */

/* Begin PBXGroup section */
		70AF52D526C264DF002D5A81 = {
			isa = PBXGroup;
			children = (
				70AF52E026C264DF002D5A81 /* OrderApp */,
				70AF52DF26C264DF002D5A81 /* Products */,
			);
			sourceTree = "<group>";
		};
		70AF52DF26C264DF002D5A81 /* Products */ = {
			isa = PBXGroup;
			children = (
				70AF52DE26C264DF002D5A81 /* OrderApp.app */,
			);
			name = Products;
			sourceTree = "<group>";
		};
		70AF52E026C264DF002D5A81 /* OrderApp */ = {
			isa = PBXGroup;
			children = (
				70AF52E326C264DF002D5A81 /* ContentView.swift */,
				70AF52F826C273A6002D5A81 /* ContentHeaderView.swift */,
				7008ABA126C278C9004705B1 /* PageTitleView.swift */,
				70AF52F326C2722E002D5A81 /* OrderView */,
				70AF52F226C27216002D5A81 /* MenuView */,
				70AF52F126C27210002D5A81 /* Model */,
				70AF52F026C271FD002D5A81 /* HistoryView */,
				70AF52E126C264DF002D5A81 /* OrderAppApp.swift */,
				70AF52E526C264E2002D5A81 /* Assets.xcassets */,
				70AF52EA26C264E2002D5A81 /* Info.plist */,
				70AF52E726C264E2002D5A81 /* Preview Content */,
			);
			path = OrderApp;
			sourceTree = "<group>";
		};
		70AF52E726C264E2002D5A81 /* Preview Content */ = {
			isa = PBXGroup;
			children = (
				70AF52E826C264E2002D5A81 /* Preview Assets.xcassets */,
			);
			path = "Preview Content";
			sourceTree = "<group>";
		};
		70AF52F026C271FD002D5A81 /* HistoryView */ = {
			isa = PBXGroup;
			children = (
			);
			path = HistoryView;
			sourceTree = "<group>";
		};
		70AF52F126C27210002D5A81 /* Model */ = {
			isa = PBXGroup;
			children = (
			);
			path = Model;
			sourceTree = "<group>";
		};
		70AF52F226C27216002D5A81 /* MenuView */ = {
			isa = PBXGroup;
			children = (
				70AF52F626C27307002D5A81 /* MenuListView.swift */,
				7008AB9D26C27706004705B1 /* MenuRowView.swift */,
				7008AB9F26C277FD004705B1 /* RatingsView.swift */,
			);
			path = MenuView;
			sourceTree = "<group>";
		};
		70AF52F326C2722E002D5A81 /* OrderView */ = {
			isa = PBXGroup;
			children = (
				70AF52F426C27264002D5A81 /* OrderListView.swift */,
				7008AB9B26C276BF004705B1 /* OrderRowView.swift */,
			);
			path = OrderView;
			sourceTree = "<group>";
		};
/* End PBXGroup section */

/* Begin PBXNativeTarget section */
		70AF52DD26C264DF002D5A81 /* OrderApp */ = {
			isa = PBXNativeTarget;
			buildConfigurationList = 70AF52ED26C264E2002D5A81 /* Build configuration list for PBXNativeTarget "OrderApp" */;
			buildPhases = (
				70AF52DA26C264DF002D5A81 /* Sources */,
				70AF52DB26C264DF002D5A81 /* Frameworks */,
				70AF52DC26C264DF002D5A81 /* Resources */,
			);
			buildRules = (
			);
			dependencies = (
			);
			name = OrderApp;
			productName = OrderApp;
			productReference = 70AF52DE26C264DF002D5A81 /* OrderApp.app */;
			productType = "com.apple.product-type.application";
		};
/* End PBXNativeTarget section */

/* Begin PBXProject section */
		70AF52D626C264DF002D5A81 /* Project object */ = {
			isa = PBXProject;
			attributes = {
				LastSwiftUpdateCheck = 1250;
				LastUpgradeCheck = 1250;
				TargetAttributes = {
					70AF52DD26C264DF002D5A81 = {
						CreatedOnToolsVersion = 12.5.1;
					};
				};
			};
			buildConfigurationList = 70AF52D926C264DF002D5A81 /* Build configuration list for PBXProject "OrderApp" */;
			compatibilityVersion = "Xcode 9.3";
			developmentRegion = en;
			hasScannedForEncodings = 0;
			knownRegions = (
				en,
				Base,
			);
			mainGroup = 70AF52D526C264DF002D5A81;
			productRefGroup = 70AF52DF26C264DF002D5A81 /* Products */;
			projectDirPath = "";
			projectRoot = "";
			targets = (
				70AF52DD26C264DF002D5A81 /* OrderApp */,
			);
		};
/* End PBXProject section */

/* Begin PBXResourcesBuildPhase section */
		70AF52DC26C264DF002D5A81 /* Resources */ = {
			isa = PBXResourcesBuildPhase;
			buildActionMask = 2147483647;
			files = (
				70AF52E926C264E2002D5A81 /* Preview Assets.xcassets in Resources */,
				70AF52E626C264E2002D5A81 /* Assets.xcassets in Resources */,
			);
			runOnlyForDeploymentPostprocessing = 0;
		};
/* End PBXResourcesBuildPhase section */

/* Begin PBXSourcesBuildPhase section */
		70AF52DA26C264DF002D5A81 /* Sources */ = {
			isa = PBXSourcesBuildPhase;
			buildActionMask = 2147483647;
			files = (
				7008AB9C26C276BF004705B1 /* OrderRowView.swift in Sources */,
				70AF52F926C273A6002D5A81 /* ContentHeaderView.swift in Sources */,
				70AF52E426C264DF002D5A81 /* ContentView.swift in Sources */,
				70AF52F726C27307002D5A81 /* MenuListView.swift in Sources */,
				70AF52E226C264DF002D5A81 /* OrderAppApp.swift in Sources */,
				7008AB9E26C27706004705B1 /* MenuRowView.swift in Sources */,
				7008ABA226C278C9004705B1 /* PageTitleView.swift in Sources */,
				70AF52F526C27264002D5A81 /* OrderListView.swift in Sources */,
				7008ABA026C277FD004705B1 /* RatingsView.swift in Sources */,
			);
			runOnlyForDeploymentPostprocessing = 0;
		};
/* End PBXSourcesBuildPhase section */

/* Begin XCBuildConfiguration section */
		70AF52EB26C264E2002D5A81 /* Debug */ = {
			isa = XCBuildConfiguration;
			buildSettings = {
				ALWAYS_SEARCH_USER_PATHS = NO;
				CLANG_ANALYZER_NONNULL = YES;
				CLANG_ANALYZER_NUMBER_OBJECT_CONVERSION = YES_AGGRESSIVE;
				CLANG_CXX_LANGUAGE_STANDARD = "gnu++14";
				CLANG_CXX_LIBRARY = "libc++";
				CLANG_ENABLE_MODULES = YES;
				CLANG_ENABLE_OBJC_ARC = YES;
				CLANG_ENABLE_OBJC_WEAK = YES;
				CLANG_WARN_BLOCK_CAPTURE_AUTORELEASING = YES;
				CLANG_WARN_BOOL_CONVERSION = YES;
				CLANG_WARN_COMMA = YES;
				CLANG_WARN_CONSTANT_CONVERSION = YES;
				CLANG_WARN_DEPRECATED_OBJC_IMPLEMENTATIONS = YES;
				CLANG_WARN_DIRECT_OBJC_ISA_USAGE = YES_ERROR;
				CLANG_WARN_DOCUMENTATION_COMMENTS = YES;
				CLANG_WARN_EMPTY_BODY = YES;
				CLANG_WARN_ENUM_CONVERSION = YES;
				CLANG_WARN_INFINITE_RECURSION = YES;
				CLANG_WARN_INT_CONVERSION = YES;
				CLANG_WARN_NON_LITERAL_NULL_CONVERSION = YES;
				CLANG_WARN_OBJC_IMPLICIT_RETAIN_SELF = YES;
				CLANG_WARN_OBJC_LITERAL_CONVERSION = YES;
				CLANG_WARN_OBJC_ROOT_CLASS = YES_ERROR;
				CLANG_WARN_QUOTED_INCLUDE_IN_FRAMEWORK_HEADER = YES;
				CLANG_WARN_RANGE_LOOP_ANALYSIS = YES;
				CLANG_WARN_STRICT_PROTOTYPES = YES;
				CLANG_WARN_SUSPICIOUS_MOVE = YES;
				CLANG_WARN_UNGUARDED_AVAILABILITY = YES_AGGRESSIVE;
				CLANG_WARN_UNREACHABLE_CODE = YES;
				CLANG_WARN__DUPLICATE_METHOD_MATCH = YES;
				COPY_PHASE_STRIP = NO;
				DEBUG_INFORMATION_FORMAT = dwarf;
				ENABLE_STRICT_OBJC_MSGSEND = YES;
				ENABLE_TESTABILITY = YES;
				GCC_C_LANGUAGE_STANDARD = gnu11;
				GCC_DYNAMIC_NO_PIC = NO;
				GCC_NO_COMMON_BLOCKS = YES;
				GCC_OPTIMIZATION_LEVEL = 0;
				GCC_PREPROCESSOR_DEFINITIONS = (
					"DEBUG=1",
					"$(inherited)",
				);
				GCC_WARN_64_TO_32_BIT_CONVERSION = YES;
				GCC_WARN_ABOUT_RETURN_TYPE = YES_ERROR;
				GCC_WARN_UNDECLARED_SELECTOR = YES;
				GCC_WARN_UNINITIALIZED_AUTOS = YES_AGGRESSIVE;
				GCC_WARN_UNUSED_FUNCTION = YES;
				GCC_WARN_UNUSED_VARIABLE = YES;
				IPHONEOS_DEPLOYMENT_TARGET = 14.5;
				MTL_ENABLE_DEBUG_INFO = INCLUDE_SOURCE;
				MTL_FAST_MATH = YES;
				ONLY_ACTIVE_ARCH = YES;
				SDKROOT = iphoneos;
				SWIFT_ACTIVE_COMPILATION_CONDITIONS = DEBUG;
				SWIFT_OPTIMIZATION_LEVEL = "-Onone";
			};
			name = Debug;
		};
		70AF52EC26C264E2002D5A81 /* Release */ = {
			isa = XCBuildConfiguration;
			buildSettings = {
				ALWAYS_SEARCH_USER_PATHS = NO;
				CLANG_ANALYZER_NONNULL = YES;
				CLANG_ANALYZER_NUMBER_OBJECT_CONVERSION = YES_AGGRESSIVE;
				CLANG_CXX_LANGUAGE_STANDARD = "gnu++14";
				CLANG_CXX_LIBRARY = "libc++";
				CLANG_ENABLE_MODULES = YES;
				CLANG_ENABLE_OBJC_ARC = YES;
				CLANG_ENABLE_OBJC_WEAK = YES;
				CLANG_WARN_BLOCK_CAPTURE_AUTORELEASING = YES;
				CLANG_WARN_BOOL_CONVERSION = YES;
				CLANG_WARN_COMMA = YES;
				CLANG_WARN_CONSTANT_CONVERSION = YES;
				CLANG_WARN_DEPRECATED_OBJC_IMPLEMENTATIONS = YES;
				CLANG_WARN_DIRECT_OBJC_ISA_USAGE = YES_ERROR;
				CLANG_WARN_DOCUMENTATION_COMMENTS = YES;
				CLANG_WARN_EMPTY_BODY = YES;
				CLANG_WARN_ENUM_CONVERSION = YES;
				CLANG_WARN_INFINITE_RECURSION = YES;
				CLANG_WARN_INT_CONVERSION = YES;
				CLANG_WARN_NON_LITERAL_NULL_CONVERSION = YES;
				CLANG_WARN_OBJC_IMPLICIT_RETAIN_SELF = YES;
				CLANG_WARN_OBJC_LITERAL_CONVERSION = YES;
				CLANG_WARN_OBJC_ROOT_CLASS = YES_ERROR;
				CLANG_WARN_QUOTED_INCLUDE_IN_FRAMEWORK_HEADER = YES;
				CLANG_WARN_RANGE_LOOP_ANALYSIS = YES;
				CLANG_WARN_STRICT_PROTOTYPES = YES;
				CLANG_WARN_SUSPICIOUS_MOVE = YES;
				CLANG_WARN_UNGUARDED_AVAILABILITY = YES_AGGRESSIVE;
				CLANG_WARN_UNREACHABLE_CODE = YES;
				CLANG_WARN__DUPLICATE_METHOD_MATCH = YES;
				COPY_PHASE_STRIP = NO;
				DEBUG_INFORMATION_FORMAT = "dwarf-with-dsym";
				ENABLE_NS_ASSERTIONS = NO;
				ENABLE_STRICT_OBJC_MSGSEND = YES;
				GCC_C_LANGUAGE_STANDARD = gnu11;
				GCC_NO_COMMON_BLOCKS = YES;
				GCC_WARN_64_TO_32_BIT_CONVERSION = YES;
				GCC_WARN_ABOUT_RETURN_TYPE = YES_ERROR;
				GCC_WARN_UNDECLARED_SELECTOR = YES;
				GCC_WARN_UNINITIALIZED_AUTOS = YES_AGGRESSIVE;
				GCC_WARN_UNUSED_FUNCTION = YES;
				GCC_WARN_UNUSED_VARIABLE = YES;
				IPHONEOS_DEPLOYMENT_TARGET = 14.5;
				MTL_ENABLE_DEBUG_INFO = NO;
				MTL_FAST_MATH = YES;
				SDKROOT = iphoneos;
				SWIFT_COMPILATION_MODE = wholemodule;
				SWIFT_OPTIMIZATION_LEVEL = "-O";
				VALIDATE_PRODUCT = YES;
			};
			name = Release;
		};
		70AF52EE26C264E2002D5A81 /* Debug */ = {
			isa = XCBuildConfiguration;
			buildSettings = {
				ASSETCATALOG_COMPILER_APPICON_NAME = AppIcon;
				ASSETCATALOG_COMPILER_GLOBAL_ACCENT_COLOR_NAME = AccentColor;
				CODE_SIGN_STYLE = Automatic;
				DEVELOPMENT_ASSET_PATHS = "\"OrderApp/Preview Content\"";
				DEVELOPMENT_TEAM = 5SLFBHS7D8;
				ENABLE_PREVIEWS = YES;
				INFOPLIST_FILE = OrderApp/Info.plist;
				IPHONEOS_DEPLOYMENT_TARGET = 14.0;
				LD_RUNPATH_SEARCH_PATHS = (
					"$(inherited)",
					"@executable_path/Frameworks",
				);
				PRODUCT_BUNDLE_IDENTIFIER = com.karyna.OrderApp;
				PRODUCT_NAME = "$(TARGET_NAME)";
				SWIFT_VERSION = 5.0;
				TARGETED_DEVICE_FAMILY = "1,2";
			};
			name = Debug;
		};
		70AF52EF26C264E2002D5A81 /* Release */ = {
			isa = XCBuildConfiguration;
			buildSettings = {
				ASSETCATALOG_COMPILER_APPICON_NAME = AppIcon;
				ASSETCATALOG_COMPILER_GLOBAL_ACCENT_COLOR_NAME = AccentColor;
				CODE_SIGN_STYLE = Automatic;
				DEVELOPMENT_ASSET_PATHS = "\"OrderApp/Preview Content\"";
				DEVELOPMENT_TEAM = 5SLFBHS7D8;
				ENABLE_PREVIEWS = YES;
				INFOPLIST_FILE = OrderApp/Info.plist;
				IPHONEOS_DEPLOYMENT_TARGET = 14.0;
				LD_RUNPATH_SEARCH_PATHS = (
					"$(inherited)",
					"@executable_path/Frameworks",
				);
				PRODUCT_BUNDLE_IDENTIFIER = com.karyna.OrderApp;
				PRODUCT_NAME = "$(TARGET_NAME)";
				SWIFT_VERSION = 5.0;
				TARGETED_DEVICE_FAMILY = "1,2";
			};
			name = Release;
		};
/* End XCBuildConfiguration section */

/* Begin XCConfigurationList section */
		70AF52D926C264DF002D5A81 /* Build configuration list for PBXProject "OrderApp" */ = {
			isa = XCConfigurationList;
			buildConfigurations = (
				70AF52EB26C264E2002D5A81 /* Debug */,
				70AF52EC26C264E2002D5A81 /* Release */,
			);
			defaultConfigurationIsVisible = 0;
			defaultConfigurationName = Release;
		};
		70AF52ED26C264E2002D5A81 /* Build configuration list for PBXNativeTarget "OrderApp" */ = {
			isa = XCConfigurationList;
			buildConfigurations = (
				70AF52EE26C264E2002D5A81 /* Debug */,
				70AF52EF26C264E2002D5A81 /* Release */,
			);
			defaultConfigurationIsVisible = 0;
			defaultConfigurationName = Release;
		};
/* End XCConfigurationList section */
	};
	rootObject = 70AF52D626C264DF002D5A81 /* Project object */;
}
